
Microsoft Visual Studio Solution File, Format Version 12.00
# Visual Studio Version 16
VisualStudioVersion = 16.0.30320.27
MinimumVisualStudioVersion = 10.0.40219.1
Project("{FAE04EC0-301F-11D3-BF4B-00C04F79EFBC}") = "DohlerAttendanceApp.WebAPI", "DohlerAttendanceApp.WebAPI.csproj", "{CA167D6C-42CA-4704-A80B-FED05AD926B4}"
EndProject
Project("{FAE04EC0-301F-11D3-BF4B-00C04F79EFBC}") = "DohlerAttendanceApp.Core", "..\DohlerAttendanceApp.Core\DohlerAttendanceApp.Core.csproj", "{302D76BD-F6DD-48C5-80C7-C14BDE29D53C}"
EndProject
Project("{FAE04EC0-301F-11D3-BF4B-00C04F79EFBC}") = "DohlerAttendanceApp.DAL", "..\DohlerAttendanceApp.DAL\DohlerAttendanceApp.DAL.csproj", "{7D54C732-C71F-46F2-ABC2-9927F659A410}"
EndProject
Global
	GlobalSection(SolutionConfigurationPlatforms) = preSolution
		Debug|Any CPU = Debug|Any CPU
		Release|Any CPU = Release|Any CPU
	EndGlobalSection
	GlobalSection(ProjectConfigurationPlatforms) = postSolution
		{CA167D6C-42CA-4704-A80B-FED05AD926B4}.Debug|Any CPU.ActiveCfg = Debug|Any CPU
		{CA167D6C-42CA-4704-A80B-FED05AD926B4}.Debug|Any CPU.Build.0 = Debug|Any CPU
		{CA167D6C-42CA-4704-A80B-FED05AD926B4}.Release|Any CPU.ActiveCfg = Release|Any CPU
		{CA167D6C-42CA-4704-A80B-FED05AD926B4}.Release|Any CPU.Build.0 = Release|Any CPU
		{302D76BD-F6DD-48C5-80C7-C14BDE29D53C}.Debug|Any CPU.ActiveCfg = Debug|Any CPU
		{302D76BD-F6DD-48C5-80C7-C14BDE29D53C}.Debug|Any CPU.Build.0 = Debug|Any CPU
		{302D76BD-F6DD-48C5-80C7-C14BDE29D53C}.Release|Any CPU.ActiveCfg = Release|Any CPU
		{302D76BD-F6DD-48C5-80C7-C14BDE29D53C}.Release|Any CPU.Build.0 = Release|Any CPU
		{7D54C732-C71F-46F2-ABC2-9927F659A410}.Debug|Any CPU.ActiveCfg = Debug|Any CPU
		{7D54C732-C71F-46F2-ABC2-9927F659A410}.Debug|Any CPU.Build.0 = Debug|Any CPU
		{7D54C732-C71F-46F2-ABC2-9927F659A410}.Release|Any CPU.ActiveCfg = Release|Any CPU
		{7D54C732-C71F-46F2-ABC2-9927F659A410}.Release|Any CPU.Build.0 = Release|Any CPU
	EndGlobalSection
	GlobalSection(SolutionProperties) = preSolution
		HideSolutionNode = FALSE
	EndGlobalSection
	GlobalSection(ExtensibilityGlobals) = postSolution
		SolutionGuid = {7297ABCC-4AE1-42D0-8ACD-A6890746693A}
	EndGlobalSection
EndGlobal
